
Microsoft Visual Studio Solution File, Format Version 12.00
# Visual Studio Version 17
VisualStudioVersion = 17.0.31903.59
MinimumVisualStudioVersion = 10.0.40219.1
Project("{2150E333-8FDC-42A3-9474-1A3956D46DE8}") = "src", "src", "{8B11BF63-257D-4807-9EAF-C4283621F1C1}"
EndProject
Project("{FAE04EC0-301F-11D3-BF4B-00C04F79EFBC}") = "SETech.Messaging.MessageBus", "src\SETech.Messaging.MessageBus\SETech.Messaging.MessageBus.csproj", "{CD03D318-A2A3-4CCC-BB1E-B5E976A515D0}"
EndProject
Project("{FAE04EC0-301F-11D3-BF4B-00C04F79EFBC}") = "SETech.Messaging.MessageBus.InMemoryImplementation", "src\SETech.Messaging.MessageBus.InMemoryImplementation\SETech.Messaging.MessageBus.InMemoryImplementation.csproj", "{77360564-B10B-4781-9C42-1AE8C2CC112E}"
EndProject
Global
	GlobalSection(SolutionConfigurationPlatforms) = preSolution
		Debug|Any CPU = Debug|Any CPU
		Release|Any CPU = Release|Any CPU
	EndGlobalSection
	GlobalSection(SolutionProperties) = preSolution
		HideSolutionNode = FALSE
	EndGlobalSection
	GlobalSection(ProjectConfigurationPlatforms) = postSolution
		{CD03D318-A2A3-4CCC-BB1E-B5E976A515D0}.Debug|Any CPU.ActiveCfg = Debug|Any CPU
		{CD03D318-A2A3-4CCC-BB1E-B5E976A515D0}.Debug|Any CPU.Build.0 = Debug|Any CPU
		{CD03D318-A2A3-4CCC-BB1E-B5E976A515D0}.Release|Any CPU.ActiveCfg = Release|Any CPU
		{CD03D318-A2A3-4CCC-BB1E-B5E976A515D0}.Release|Any CPU.Build.0 = Release|Any CPU
		{77360564-B10B-4781-9C42-1AE8C2CC112E}.Debug|Any CPU.ActiveCfg = Debug|Any CPU
		{77360564-B10B-4781-9C42-1AE8C2CC112E}.Debug|Any CPU.Build.0 = Debug|Any CPU
		{77360564-B10B-4781-9C42-1AE8C2CC112E}.Release|Any CPU.ActiveCfg = Release|Any CPU
		{77360564-B10B-4781-9C42-1AE8C2CC112E}.Release|Any CPU.Build.0 = Release|Any CPU
	EndGlobalSection
	GlobalSection(NestedProjects) = preSolution
		{CD03D318-A2A3-4CCC-BB1E-B5E976A515D0} = {8B11BF63-257D-4807-9EAF-C4283621F1C1}
		{77360564-B10B-4781-9C42-1AE8C2CC112E} = {8B11BF63-257D-4807-9EAF-C4283621F1C1}
	EndGlobalSection
EndGlobal
